
Microsoft Visual Studio Solution File, Format Version 12.00
# Visual Studio Version 17
VisualStudioVersion = 17.3.32804.467
MinimumVisualStudioVersion = 10.0.40219.1
Project("{8BC9CEB8-8B4A-11D0-8D11-00A0C91BC942}") = "btii242_lab2", "btii242_lab2.vcxproj", "{4B98039D-66B4-4ABF-9A1A-72BB81D4C248}"
EndProject
Project("{8BC9CEB8-8B4A-11D0-8D11-00A0C91BC942}") = "lab2_task2", "..\lab2_task2\lab2_task2.vcxproj", "{000BFC5C-BC1F-4035-BEB7-9DF89DA8D9A9}"
EndProject
Project("{8BC9CEB8-8B4A-11D0-8D11-00A0C91BC942}") = "lab3_task3", "..\lab3_task3\lab3_task3.vcxproj", "{B31594A0-9CBE-4C10-A485-36C1B27C2945}"
EndProject
Project("{8BC9CEB8-8B4A-11D0-8D11-00A0C91BC942}") = "dz_2_242", "..\dz_2_242\dz_2_242.vcxproj", "{38ADF889-AA6E-4191-B970-3271CE203DF7}"
EndProject
Global
	GlobalSection(SolutionConfigurationPlatforms) = preSolution
		Debug|x64 = Debug|x64
		Debug|x86 = Debug|x86
		Release|x64 = Release|x64
		Release|x86 = Release|x86
	EndGlobalSection
	GlobalSection(ProjectConfigurationPlatforms) = postSolution
		{4B98039D-66B4-4ABF-9A1A-72BB81D4C248}.Debug|x64.ActiveCfg = Debug|x64
		{4B98039D-66B4-4ABF-9A1A-72BB81D4C248}.Debug|x64.Build.0 = Debug|x64
		{4B98039D-66B4-4ABF-9A1A-72BB81D4C248}.Debug|x86.ActiveCfg = Debug|Win32
		{4B98039D-66B4-4ABF-9A1A-72BB81D4C248}.Debug|x86.Build.0 = Debug|Win32
		{4B98039D-66B4-4ABF-9A1A-72BB81D4C248}.Release|x64.ActiveCfg = Release|x64
		{4B98039D-66B4-4ABF-9A1A-72BB81D4C248}.Release|x64.Build.0 = Release|x64
		{4B98039D-66B4-4ABF-9A1A-72BB81D4C248}.Release|x86.ActiveCfg = Release|Win32
		{4B98039D-66B4-4ABF-9A1A-72BB81D4C248}.Release|x86.Build.0 = Release|Win32
		{000BFC5C-BC1F-4035-BEB7-9DF89DA8D9A9}.Debug|x64.ActiveCfg = Debug|x64
		{000BFC5C-BC1F-4035-BEB7-9DF89DA8D9A9}.Debug|x64.Build.0 = Debug|x64
		{000BFC5C-BC1F-4035-BEB7-9DF89DA8D9A9}.Debug|x86.ActiveCfg = Debug|Win32
		{000BFC5C-BC1F-4035-BEB7-9DF89DA8D9A9}.Debug|x86.Build.0 = Debug|Win32
		{000BFC5C-BC1F-4035-BEB7-9DF89DA8D9A9}.Release|x64.ActiveCfg = Release|x64
		{000BFC5C-BC1F-4035-BEB7-9DF89DA8D9A9}.Release|x64.Build.0 = Release|x64
		{000BFC5C-BC1F-4035-BEB7-9DF89DA8D9A9}.Release|x86.ActiveCfg = Release|Win32
		{000BFC5C-BC1F-4035-BEB7-9DF89DA8D9A9}.Release|x86.Build.0 = Release|Win32
		{B31594A0-9CBE-4C10-A485-36C1B27C2945}.Debug|x64.ActiveCfg = Debug|x64
		{B31594A0-9CBE-4C10-A485-36C1B27C2945}.Debug|x64.Build.0 = Debug|x64
		{B31594A0-9CBE-4C10-A485-36C1B27C2945}.Debug|x86.ActiveCfg = Debug|Win32
		{B31594A0-9CBE-4C10-A485-36C1B27C2945}.Debug|x86.Build.0 = Debug|Win32
		{B31594A0-9CBE-4C10-A485-36C1B27C2945}.Release|x64.ActiveCfg = Release|x64
		{B31594A0-9CBE-4C10-A485-36C1B27C2945}.Release|x64.Build.0 = Release|x64
		{B31594A0-9CBE-4C10-A485-36C1B27C2945}.Release|x86.ActiveCfg = Release|Win32
		{B31594A0-9CBE-4C10-A485-36C1B27C2945}.Release|x86.Build.0 = Release|Win32
		{38ADF889-AA6E-4191-B970-3271CE203DF7}.Debug|x64.ActiveCfg = Debug|x64
		{38ADF889-AA6E-4191-B970-3271CE203DF7}.Debug|x64.Build.0 = Debug|x64
		{38ADF889-AA6E-4191-B970-3271CE203DF7}.Debug|x86.ActiveCfg = Debug|Win32
		{38ADF889-AA6E-4191-B970-3271CE203DF7}.Debug|x86.Build.0 = Debug|Win32
		{38ADF889-AA6E-4191-B970-3271CE203DF7}.Release|x64.ActiveCfg = Release|x64
		{38ADF889-AA6E-4191-B970-3271CE203DF7}.Release|x64.Build.0 = Release|x64
		{38ADF889-AA6E-4191-B970-3271CE203DF7}.Release|x86.ActiveCfg = Release|Win32
		{38ADF889-AA6E-4191-B970-3271CE203DF7}.Release|x86.Build.0 = Release|Win32
	EndGlobalSection
	GlobalSection(SolutionProperties) = preSolution
		HideSolutionNode = FALSE
	EndGlobalSection
	GlobalSection(ExtensibilityGlobals) = postSolution
		SolutionGuid = {4FD9048E-B75B-49AF-A393-0924AA56F7BD}
	EndGlobalSection
EndGlobal
